
Microsoft Visual Studio Solution File, Format Version 12.00
# Visual Studio 15
VisualStudioVersion = 15.0.27004.2009
MinimumVisualStudioVersion = 10.0.40219.1
Project("{9A19103F-16F7-4668-BE54-9A1E7A4F7556}") = "Authorization", "Authorization\Authorization.csproj", "{48CF4A36-C006-4649-BAD6-027E7962EFAE}"
EndProject
Project("{9A19103F-16F7-4668-BE54-9A1E7A4F7556}") = "Authorization.Tests", "Authorization.Tests\Authorization.Tests.csproj", "{D45C58D4-D94C-4D3B-B166-CFA4AFFAAAB8}"
EndProject
Project("{2150E333-8FDC-42A3-9474-1A3956D46DE8}") = "Solution Items", "Solution Items", "{75063D82-91B7-40A5-AD4A-DF665308A726}"
	ProjectSection(SolutionItems) = preProject
		LICENSE = LICENSE
		README.md = README.md
	EndProjectSection
EndProject
Project("{FAE04EC0-301F-11D3-BF4B-00C04F79EFBC}") = "StarcounterApplication1", "StarcounterApplication1\StarcounterApplication1.csproj", "{B7F82E3C-8A74-4EC8-B65F-AEE99125B274}"
EndProject
Project("{FAE04EC0-301F-11D3-BF4B-00C04F79EFBC}") = "Repro1", "..\repro1\Repro1\Repro1\Repro1.csproj", "{53D1DD50-EF3E-4F23-B6EA-1E411B8BA872}"
EndProject
Project("{FAE04EC0-301F-11D3-BF4B-00C04F79EFBC}") = "StarcounterApplication2", "StarcounterApplication2\StarcounterApplication2.csproj", "{3FD51147-161A-4730-8AC7-2FEFCC8CF90B}"
EndProject
Global
	GlobalSection(SolutionConfigurationPlatforms) = preSolution
		Debug|x64 = Debug|x64
		Release|x64 = Release|x64
	EndGlobalSection
	GlobalSection(ProjectConfigurationPlatforms) = postSolution
		{48CF4A36-C006-4649-BAD6-027E7962EFAE}.Debug|x64.ActiveCfg = Debug|x64
		{48CF4A36-C006-4649-BAD6-027E7962EFAE}.Debug|x64.Build.0 = Debug|x64
		{48CF4A36-C006-4649-BAD6-027E7962EFAE}.Release|x64.ActiveCfg = Release|x64
		{48CF4A36-C006-4649-BAD6-027E7962EFAE}.Release|x64.Build.0 = Release|x64
		{D45C58D4-D94C-4D3B-B166-CFA4AFFAAAB8}.Debug|x64.ActiveCfg = Debug|x64
		{D45C58D4-D94C-4D3B-B166-CFA4AFFAAAB8}.Debug|x64.Build.0 = Debug|x64
		{D45C58D4-D94C-4D3B-B166-CFA4AFFAAAB8}.Release|x64.ActiveCfg = Release|x64
		{D45C58D4-D94C-4D3B-B166-CFA4AFFAAAB8}.Release|x64.Build.0 = Release|x64
		{B7F82E3C-8A74-4EC8-B65F-AEE99125B274}.Debug|x64.ActiveCfg = Debug|x64
		{B7F82E3C-8A74-4EC8-B65F-AEE99125B274}.Debug|x64.Build.0 = Debug|x64
		{B7F82E3C-8A74-4EC8-B65F-AEE99125B274}.Release|x64.ActiveCfg = Release|x64
		{B7F82E3C-8A74-4EC8-B65F-AEE99125B274}.Release|x64.Build.0 = Release|x64
		{53D1DD50-EF3E-4F23-B6EA-1E411B8BA872}.Debug|x64.ActiveCfg = Debug|x64
		{53D1DD50-EF3E-4F23-B6EA-1E411B8BA872}.Debug|x64.Build.0 = Debug|x64
		{53D1DD50-EF3E-4F23-B6EA-1E411B8BA872}.Release|x64.ActiveCfg = Release|x64
		{53D1DD50-EF3E-4F23-B6EA-1E411B8BA872}.Release|x64.Build.0 = Release|x64
		{3FD51147-161A-4730-8AC7-2FEFCC8CF90B}.Debug|x64.ActiveCfg = Debug|x64
		{3FD51147-161A-4730-8AC7-2FEFCC8CF90B}.Debug|x64.Build.0 = Debug|x64
		{3FD51147-161A-4730-8AC7-2FEFCC8CF90B}.Release|x64.ActiveCfg = Release|x64
		{3FD51147-161A-4730-8AC7-2FEFCC8CF90B}.Release|x64.Build.0 = Release|x64
	EndGlobalSection
	GlobalSection(SolutionProperties) = preSolution
		HideSolutionNode = FALSE
	EndGlobalSection
	GlobalSection(ExtensibilityGlobals) = postSolution
		SolutionGuid = {A572E4EB-22C7-405B-BC73-C0C486D41934}
	EndGlobalSection
EndGlobal
